
Microsoft Visual Studio Solution File, Format Version 12.00
# Visual Studio 15
VisualStudioVersion = 15.0.28307.852
MinimumVisualStudioVersion = 10.0.40219.1
Project("{FAE04EC0-301F-11D3-BF4B-00C04F79EFBC}") = "SalerWebMvc", "SalerWebMvc\SalerWebMvc.csproj", "{EBA48265-CA0C-4CA6-A4CC-D676DBB5F24D}"
EndProject
Global
	GlobalSection(SolutionConfigurationPlatforms) = preSolution
		Debug|Any CPU = Debug|Any CPU
		Release|Any CPU = Release|Any CPU
	EndGlobalSection
	GlobalSection(ProjectConfigurationPlatforms) = postSolution
		{EBA48265-CA0C-4CA6-A4CC-D676DBB5F24D}.Debug|Any CPU.ActiveCfg = Debug|Any CPU
		{EBA48265-CA0C-4CA6-A4CC-D676DBB5F24D}.Debug|Any CPU.Build.0 = Debug|Any CPU
		{EBA48265-CA0C-4CA6-A4CC-D676DBB5F24D}.Release|Any CPU.ActiveCfg = Release|Any CPU
		{EBA48265-CA0C-4CA6-A4CC-D676DBB5F24D}.Release|Any CPU.Build.0 = Release|Any CPU
	EndGlobalSection
	GlobalSection(SolutionProperties) = preSolution
		HideSolutionNode = FALSE
	EndGlobalSection
	GlobalSection(ExtensibilityGlobals) = postSolution
		SolutionGuid = {4A0E26D6-A82C-403E-AC2C-F9C57204E66A}
	EndGlobalSection
EndGlobal
